﻿
Microsoft Visual Studio Solution File, Format Version 12.00
# Visual Studio Version 18
VisualStudioVersion = 18.8.11925.187 insiders
MinimumVisualStudioVersion = 10.0.40219.1
Project("{FAE04EC0-301F-11D3-BF4B-00C04F79EFBC}") = "GUI_577MC", "GUI_577MC.csproj", "{C3724063-F84C-4753-B655-57D87D1B74DD}"
EndProject
Project("{FAE04EC0-301F-11D3-BF4B-00C04F79EFBC}") = "BE_577MC", "BE\BE_577MC.csproj", "{1DCE08C7-4239-4595-9712-BAC2BBEC9DE8}"
EndProject
Project("{FAE04EC0-301F-11D3-BF4B-00C04F79EFBC}") = "DAL_577MC", "DAL\DAL_577MC.csproj", "{5AFBC41D-C246-4B92-B434-5EE293B75A44}"
EndProject
Project("{FAE04EC0-301F-11D3-BF4B-00C04F79EFBC}") = "BLL_577MC", "BLL\BLL_577MC.csproj", "{B2FB6397-6033-427B-BB87-FD46A8D06BE8}"
EndProject
Project("{FAE04EC0-301F-11D3-BF4B-00C04F79EFBC}") = "Services_577MC", "Services\Services_577MC.csproj", "{960D771D-0546-4FFE-B37E-8D38ADE0BC87}"
EndProject
Project("{54435603-DBB4-11D2-8724-00A0C9A8B90C}") = "Sistema_IngSoftware", "..\Sistema_IngSoftware\Sistema_IngSoftware.vdproj", "{19B0A315-9E9B-2007-CE79-E83F7AB76BF5}"
EndProject
Global
	GlobalSection(SolutionConfigurationPlatforms) = preSolution
		Debug|Any CPU = Debug|Any CPU
		Release|Any CPU = Release|Any CPU
	EndGlobalSection
	GlobalSection(ProjectConfigurationPlatforms) = postSolution
		{C3724063-F84C-4753-B655-57D87D1B74DD}.Debug|Any CPU.ActiveCfg = Debug|Any CPU
		{C3724063-F84C-4753-B655-57D87D1B74DD}.Debug|Any CPU.Build.0 = Debug|Any CPU
		{C3724063-F84C-4753-B655-57D87D1B74DD}.Release|Any CPU.ActiveCfg = Release|Any CPU
		{C3724063-F84C-4753-B655-57D87D1B74DD}.Release|Any CPU.Build.0 = Release|Any CPU
		{1DCE08C7-4239-4595-9712-BAC2BBEC9DE8}.Debug|Any CPU.ActiveCfg = Debug|Any CPU
		{1DCE08C7-4239-4595-9712-BAC2BBEC9DE8}.Debug|Any CPU.Build.0 = Debug|Any CPU
		{1DCE08C7-4239-4595-9712-BAC2BBEC9DE8}.Release|Any CPU.ActiveCfg = Release|Any CPU
		{1DCE08C7-4239-4595-9712-BAC2BBEC9DE8}.Release|Any CPU.Build.0 = Release|Any CPU
		{5AFBC41D-C246-4B92-B434-5EE293B75A44}.Debug|Any CPU.ActiveCfg = Debug|Any CPU
		{5AFBC41D-C246-4B92-B434-5EE293B75A44}.Debug|Any CPU.Build.0 = Debug|Any CPU
		{5AFBC41D-C246-4B92-B434-5EE293B75A44}.Release|Any CPU.ActiveCfg = Release|Any CPU
		{5AFBC41D-C246-4B92-B434-5EE293B75A44}.Release|Any CPU.Build.0 = Release|Any CPU
		{B2FB6397-6033-427B-BB87-FD46A8D06BE8}.Debug|Any CPU.ActiveCfg = Debug|Any CPU
		{B2FB6397-6033-427B-BB87-FD46A8D06BE8}.Debug|Any CPU.Build.0 = Debug|Any CPU
		{B2FB6397-6033-427B-BB87-FD46A8D06BE8}.Release|Any CPU.ActiveCfg = Release|Any CPU
		{B2FB6397-6033-427B-BB87-FD46A8D06BE8}.Release|Any CPU.Build.0 = Release|Any CPU
		{960D771D-0546-4FFE-B37E-8D38ADE0BC87}.Debug|Any CPU.ActiveCfg = Debug|Any CPU
		{960D771D-0546-4FFE-B37E-8D38ADE0BC87}.Debug|Any CPU.Build.0 = Debug|Any CPU
		{960D771D-0546-4FFE-B37E-8D38ADE0BC87}.Release|Any CPU.ActiveCfg = Release|Any CPU
		{960D771D-0546-4FFE-B37E-8D38ADE0BC87}.Release|Any CPU.Build.0 = Release|Any CPU
		{19B0A315-9E9B-2007-CE79-E83F7AB76BF5}.Debug|Any CPU.ActiveCfg = Debug
		{19B0A315-9E9B-2007-CE79-E83F7AB76BF5}.Release|Any CPU.ActiveCfg = Release
	EndGlobalSection
	GlobalSection(SolutionProperties) = preSolution
		HideSolutionNode = FALSE
	EndGlobalSection
	GlobalSection(ExtensibilityGlobals) = postSolution
		SolutionGuid = {1E95AF7C-6555-4BE1-B0F9-1FCA48D6F70E}
	EndGlobalSection
EndGlobal
